
Microsoft Visual Studio Solution File, Format Version 12.00
# Visual Studio Version 17
VisualStudioVersion = 17.11.35312.102
MinimumVisualStudioVersion = 10.0.40219.1
Project("{FAE04EC0-301F-11D3-BF4B-00C04F79EFBC}") = "ControllerExample", "ControllerExample\ControllerExample.csproj", "{DEFD7F6B-E7DF-48A7-BF52-15FF9D592F00}"
EndProject
Global
	GlobalSection(SolutionConfigurationPlatforms) = preSolution
		Debug|Any CPU = Debug|Any CPU
		Release|Any CPU = Release|Any CPU
	EndGlobalSection
	GlobalSection(ProjectConfigurationPlatforms) = postSolution
		{DEFD7F6B-E7DF-48A7-BF52-15FF9D592F00}.Debug|Any CPU.ActiveCfg = Debug|Any CPU
		{DEFD7F6B-E7DF-48A7-BF52-15FF9D592F00}.Debug|Any CPU.Build.0 = Debug|Any CPU
		{DEFD7F6B-E7DF-48A7-BF52-15FF9D592F00}.Release|Any CPU.ActiveCfg = Release|Any CPU
		{DEFD7F6B-E7DF-48A7-BF52-15FF9D592F00}.Release|Any CPU.Build.0 = Release|Any CPU
	EndGlobalSection
	GlobalSection(SolutionProperties) = preSolution
		HideSolutionNode = FALSE
	EndGlobalSection
	GlobalSection(ExtensibilityGlobals) = postSolution
		SolutionGuid = {33CC0AE7-2B60-406E-ADDC-4C2DA727CF7D}
	EndGlobalSection
EndGlobal
