
Microsoft Visual Studio Solution File, Format Version 12.00
# Visual Studio Version 17
VisualStudioVersion = 17.11.35312.102
MinimumVisualStudioVersion = 10.0.40219.1
Project("{FAE04EC0-301F-11D3-BF4B-00C04F79EFBC}") = "Route", "Route\Route.csproj", "{A76170E1-6659-47D4-A5AA-0C3D2C93FDA7}"
EndProject
Global
	GlobalSection(SolutionConfigurationPlatforms) = preSolution
		Debug|Any CPU = Debug|Any CPU
		Release|Any CPU = Release|Any CPU
	EndGlobalSection
	GlobalSection(ProjectConfigurationPlatforms) = postSolution
		{A76170E1-6659-47D4-A5AA-0C3D2C93FDA7}.Debug|Any CPU.ActiveCfg = Debug|Any CPU
		{A76170E1-6659-47D4-A5AA-0C3D2C93FDA7}.Debug|Any CPU.Build.0 = Debug|Any CPU
		{A76170E1-6659-47D4-A5AA-0C3D2C93FDA7}.Release|Any CPU.ActiveCfg = Release|Any CPU
		{A76170E1-6659-47D4-A5AA-0C3D2C93FDA7}.Release|Any CPU.Build.0 = Release|Any CPU
	EndGlobalSection
	GlobalSection(SolutionProperties) = preSolution
		HideSolutionNode = FALSE
	EndGlobalSection
	GlobalSection(ExtensibilityGlobals) = postSolution
		SolutionGuid = {6ACC391C-9AD9-487A-A9A1-E280E1AE7AD7}
	EndGlobalSection
EndGlobal
