
Microsoft Visual Studio Solution File, Format Version 12.00
# Visual Studio Version 17
VisualStudioVersion = 17.11.35312.102
MinimumVisualStudioVersion = 10.0.40219.1
Project("{FAE04EC0-301F-11D3-BF4B-00C04F79EFBC}") = "StaticFilesExample", "StaticFilesExample\StaticFilesExample.csproj", "{2B671615-0595-4848-A9B5-068A4A4F90DC}"
EndProject
Global
	GlobalSection(SolutionConfigurationPlatforms) = preSolution
		Debug|Any CPU = Debug|Any CPU
		Release|Any CPU = Release|Any CPU
	EndGlobalSection
	GlobalSection(ProjectConfigurationPlatforms) = postSolution
		{2B671615-0595-4848-A9B5-068A4A4F90DC}.Debug|Any CPU.ActiveCfg = Debug|Any CPU
		{2B671615-0595-4848-A9B5-068A4A4F90DC}.Debug|Any CPU.Build.0 = Debug|Any CPU
		{2B671615-0595-4848-A9B5-068A4A4F90DC}.Release|Any CPU.ActiveCfg = Release|Any CPU
		{2B671615-0595-4848-A9B5-068A4A4F90DC}.Release|Any CPU.Build.0 = Release|Any CPU
	EndGlobalSection
	GlobalSection(SolutionProperties) = preSolution
		HideSolutionNode = FALSE
	EndGlobalSection
	GlobalSection(ExtensibilityGlobals) = postSolution
		SolutionGuid = {7B6D7A3E-3628-422C-BF47-711937C66600}
	EndGlobalSection
EndGlobal
